<?xml version="1.0" encoding="UTF-8" standalone="yes" ?>
<CodeBlocks_project_file>
	<FileVersion major="1" minor="6" />
	<Project>
		<Option title="ref" />
		<Option pch_mode="2" />
		<Option compiler="ucrt64_gcc" />
		<Build>
			<Target title="Debug">
				<Option output="bin/Debug/ref" prefix_auto="1" extension_auto="1" />
				<Option object_output="obj/Debug/" />
				<Option type="1" />
				<Option compiler="ucrt64_gcc" />
			</Target>
			<Target title="Release">
				<Option output="bin/Release/ref" prefix_auto="1" extension_auto="1" />
				<Option object_output="obj/Release/" />
				<Option type="1" />
				<Option compiler="ucrt64_gcc" />
			</Target>
		</Build>
		<Compiler>
			<Add option="`pkg-config --cflags gtk4`" />
		</Compiler>
		<Linker>
			<Add option="`pkg-config --libs gtk4`" />
		</Linker>
		<Unit filename="gui.c">
			<Option compilerVar="CC" />
		</Unit>
		<Unit filename="gui.h" />
		<Unit filename="matrix_operations.c">
			<Option compilerVar="CC" />
		</Unit>
		<Unit filename="matrix_operations.h" />
		<Unit filename="r-ref.c">
			<Option compilerVar="CC" />
		</Unit>
		<Unit filename="r-ref.h" />
		<Extensions>
			<lib_finder disable_auto="1" />
		</Extensions>
	</Project>
</CodeBlocks_project_file>
